
Microsoft Visual Studio Solution File, Format Version 12.00
# Visual Studio Version 17
VisualStudioVersion = 17.3.32922.545
MinimumVisualStudioVersion = 10.0.40219.1
Project("{888888A0-9F3D-457C-B088-3A5042F75D52}") = "capstone", "capstone\capstone.pyproj", "{20AF1B9F-3B0B-4033-A445-AEDF2E771EE3}"
EndProject
Global
	GlobalSection(SolutionConfigurationPlatforms) = preSolution
		Debug|Any CPU = Debug|Any CPU
		Release|Any CPU = Release|Any CPU
	EndGlobalSection
	GlobalSection(ProjectConfigurationPlatforms) = postSolution
		{20AF1B9F-3B0B-4033-A445-AEDF2E771EE3}.Debug|Any CPU.ActiveCfg = Debug|Any CPU
		{20AF1B9F-3B0B-4033-A445-AEDF2E771EE3}.Debug|Any CPU.Build.0 = Debug|Any CPU
		{20AF1B9F-3B0B-4033-A445-AEDF2E771EE3}.Release|Any CPU.ActiveCfg = Release|Any CPU
		{20AF1B9F-3B0B-4033-A445-AEDF2E771EE3}.Release|Any CPU.Build.0 = Release|Any CPU
	EndGlobalSection
	GlobalSection(SolutionProperties) = preSolution
		HideSolutionNode = FALSE
	EndGlobalSection
	GlobalSection(ExtensibilityGlobals) = postSolution
		SolutionGuid = {F991D03F-5C6F-47CA-AF21-D7D933AEC0B1}
	EndGlobalSection
EndGlobal
